<?xml version="1.0" encoding="UTF-8" standalone="yes" ?>
<CodeBlocks_project_file>
	<FileVersion major="1" minor="6" />
	<Project>
		<Option title="solar-fortran" />
		<Option pch_mode="2" />
		<Option compiler="gcc" />
		<Build>
			<Target title="Debug">
				<Option output="bin/Debug/solar-fortran" prefix_auto="1" extension_auto="1" />
				<Option object_output="obj/Debug/" />
				<Option type="1" />
				<Option compiler="gcc" />
				<Compiler>
					<Add option="-g" />
				</Compiler>
			</Target>
		</Build>
		<Compiler>
			<Add option="-Wall" />
		</Compiler>
		<Unit filename="../athena/hydrostatsolatmos.f90" />
		<Unit filename="../athena/statbalancemod-original.f90" />
		<Unit filename="../athena/statbalancemod.f90" />
		<Unit filename="../createmodel.f90" />
		<Extensions />
	</Project>
</CodeBlocks_project_file>
